
Microsoft Visual Studio Solution File, Format Version 12.00
# Visual Studio Version 17
VisualStudioVersion = 17.4.33110.190
MinimumVisualStudioVersion = 10.0.40219.1
Project("{FAE04EC0-301F-11D3-BF4B-00C04F79EFBC}") = "JackalWebHost2", "JackalWebHost2\JackalWebHost2.csproj", "{8C1A0D3A-02A3-4548-B6DF-6942D70D2039}"
EndProject
Project("{FAE04EC0-301F-11D3-BF4B-00C04F79EFBC}") = "Jackal.Tests2", "Jackal.Tests2\Jackal.Tests2.csproj", "{A8137676-EBDB-46C0-B7C1-A59FAF9CB7E9}"
EndProject
Project("{FAE04EC0-301F-11D3-BF4B-00C04F79EFBC}") = "Jackal.Core", "Jackal.Core\Jackal.Core.csproj", "{84B19D12-3D5D-4B65-B11F-C57901096B2C}"
EndProject
Project("{FAE04EC0-301F-11D3-BF4B-00C04F79EFBC}") = "Jackal.RolloPlayer2", "Jackal.RolloPlayer2\Jackal.RolloPlayer2.csproj", "{947EFB1C-998F-469A-AA04-ECC375559C79}"
EndProject
Global
	GlobalSection(SolutionConfigurationPlatforms) = preSolution
		Debug|Any CPU = Debug|Any CPU
		Release|Any CPU = Release|Any CPU
	EndGlobalSection
	GlobalSection(ProjectConfigurationPlatforms) = postSolution
		{8C1A0D3A-02A3-4548-B6DF-6942D70D2039}.Debug|Any CPU.ActiveCfg = Debug|Any CPU
		{8C1A0D3A-02A3-4548-B6DF-6942D70D2039}.Debug|Any CPU.Build.0 = Debug|Any CPU
		{8C1A0D3A-02A3-4548-B6DF-6942D70D2039}.Release|Any CPU.ActiveCfg = Release|Any CPU
		{8C1A0D3A-02A3-4548-B6DF-6942D70D2039}.Release|Any CPU.Build.0 = Release|Any CPU
		{A8137676-EBDB-46C0-B7C1-A59FAF9CB7E9}.Debug|Any CPU.ActiveCfg = Debug|Any CPU
		{A8137676-EBDB-46C0-B7C1-A59FAF9CB7E9}.Debug|Any CPU.Build.0 = Debug|Any CPU
		{A8137676-EBDB-46C0-B7C1-A59FAF9CB7E9}.Release|Any CPU.ActiveCfg = Release|Any CPU
		{A8137676-EBDB-46C0-B7C1-A59FAF9CB7E9}.Release|Any CPU.Build.0 = Release|Any CPU
		{84B19D12-3D5D-4B65-B11F-C57901096B2C}.Debug|Any CPU.ActiveCfg = Debug|Any CPU
		{84B19D12-3D5D-4B65-B11F-C57901096B2C}.Debug|Any CPU.Build.0 = Debug|Any CPU
		{84B19D12-3D5D-4B65-B11F-C57901096B2C}.Release|Any CPU.ActiveCfg = Release|Any CPU
		{84B19D12-3D5D-4B65-B11F-C57901096B2C}.Release|Any CPU.Build.0 = Release|Any CPU
		{947EFB1C-998F-469A-AA04-ECC375559C79}.Debug|Any CPU.ActiveCfg = Debug|Any CPU
		{947EFB1C-998F-469A-AA04-ECC375559C79}.Debug|Any CPU.Build.0 = Debug|Any CPU
		{947EFB1C-998F-469A-AA04-ECC375559C79}.Release|Any CPU.ActiveCfg = Release|Any CPU
		{947EFB1C-998F-469A-AA04-ECC375559C79}.Release|Any CPU.Build.0 = Release|Any CPU
	EndGlobalSection
	GlobalSection(SolutionProperties) = preSolution
		HideSolutionNode = FALSE
	EndGlobalSection
	GlobalSection(ExtensibilityGlobals) = postSolution
		SolutionGuid = {67BC37BE-A076-4A41-863B-A88C8459D125}
	EndGlobalSection
EndGlobal
